// !$*UTF8*$!
{
	archiveVersion = 1;
	classes = {
	};
	objectVersion = 46;
	objects = {

/* Begin PBXBuildFile section */
		06672029CC14E7FDFF69D054 /* Pods.framework in Frameworks */ = {isa = PBXBuildFile; fileRef = 73AE32EDA32ED2035C59AB0A /* Pods.framework */; };
		8C169D6D1C310EE4003F6B3E /* AccountTool.swift in Sources */ = {isa = PBXBuildFile; fileRef = 8C169D6C1C310EE4003F6B3E /* AccountTool.swift */; };
		8C169D6F1C311370003F6B3E /* WeiboTool.swift in Sources */ = {isa = PBXBuildFile; fileRef = 8C169D6E1C311370003F6B3E /* WeiboTool.swift */; };
		8C470D101C37DC6A003622BA /* Assets.xcassets in Resources */ = {isa = PBXBuildFile; fileRef = 8C470D0F1C37DC6A003622BA /* Assets.xcassets */; };
		8C4EBBE41C2FE5990094B9D4 /* OAuthViewController.swift in Sources */ = {isa = PBXBuildFile; fileRef = 8C4EBBE31C2FE5990094B9D4 /* OAuthViewController.swift */; };
		8C5AB80D1C35230B003677F2 /* CommentView.swift in Sources */ = {isa = PBXBuildFile; fileRef = 8C5AB80C1C35230B003677F2 /* CommentView.swift */; };
		8C5CC0E31C2C194300E38044 /* AppDelegate.swift in Sources */ = {isa = PBXBuildFile; fileRef = 8C5CC0E21C2C194300E38044 /* AppDelegate.swift */; };
		8C5CC0ED1C2C194300E38044 /* LaunchScreen.storyboard in Resources */ = {isa = PBXBuildFile; fileRef = 8C5CC0EB1C2C194300E38044 /* LaunchScreen.storyboard */; };
		8C5CC0F81C2C194300E38044 /* WeiboTests.swift in Sources */ = {isa = PBXBuildFile; fileRef = 8C5CC0F71C2C194300E38044 /* WeiboTests.swift */; };
		8C5CC1031C2C194300E38044 /* WeiboUITests.swift in Sources */ = {isa = PBXBuildFile; fileRef = 8C5CC1021C2C194300E38044 /* WeiboUITests.swift */; };
		8C5CC1121C2C226E00E38044 /* MainTabBarViewController.swift in Sources */ = {isa = PBXBuildFile; fileRef = 8C5CC1111C2C226E00E38044 /* MainTabBarViewController.swift */; };
		8C5CC1141C2C22E900E38044 /* HomeViewController.swift in Sources */ = {isa = PBXBuildFile; fileRef = 8C5CC1131C2C22E900E38044 /* HomeViewController.swift */; };
		8C5CC1161C2C231F00E38044 /* MessagesViewController.swift in Sources */ = {isa = PBXBuildFile; fileRef = 8C5CC1151C2C231F00E38044 /* MessagesViewController.swift */; };
		8C5CC1181C2C233400E38044 /* DiscoverViewController.swift in Sources */ = {isa = PBXBuildFile; fileRef = 8C5CC1171C2C233400E38044 /* DiscoverViewController.swift */; };
		8C5CC11A1C2C234200E38044 /* MeViewController.swift in Sources */ = {isa = PBXBuildFile; fileRef = 8C5CC1191C2C234200E38044 /* MeViewController.swift */; };
		8C5EC5EE1C2CE119008C3774 /* CustomTabBarButton.swift in Sources */ = {isa = PBXBuildFile; fileRef = 8C5EC5ED1C2CE119008C3774 /* CustomTabBarButton.swift */; };
		8C5EC5F41C2D2C32008C3774 /* CustomBadgeButton.swift in Sources */ = {isa = PBXBuildFile; fileRef = 8C5EC5F31C2D2C32008C3774 /* CustomBadgeButton.swift */; };
		8C85F4221C31529E0083308B /* Status.swift in Sources */ = {isa = PBXBuildFile; fileRef = 8C85F4211C31529E0083308B /* Status.swift */; };
		8C85F4241C3169FD0083308B /* User.swift in Sources */ = {isa = PBXBuildFile; fileRef = 8C85F4231C3169FD0083308B /* User.swift */; };
		8C865BB81C356AC900DD9930 /* StatusView.swift in Sources */ = {isa = PBXBuildFile; fileRef = 8C865BB71C356AC900DD9930 /* StatusView.swift */; };
		8C865BBA1C356B1600DD9930 /* RetweetView.swift in Sources */ = {isa = PBXBuildFile; fileRef = 8C865BB91C356B1600DD9930 /* RetweetView.swift */; };
		8C92BF2B1C3274AF000214E2 /* StatusCellSubviewFrame.swift in Sources */ = {isa = PBXBuildFile; fileRef = 8C92BF2A1C3274AE000214E2 /* StatusCellSubviewFrame.swift */; };
		8C944FED1C38D018002DA297 /* PostViewController.swift in Sources */ = {isa = PBXBuildFile; fileRef = 8C944FEC1C38D018002DA297 /* PostViewController.swift */; };
		8C944FF01C38D194002DA297 /* PostView.swift in Sources */ = {isa = PBXBuildFile; fileRef = 8C944FEF1C38D194002DA297 /* PostView.swift */; };
		8C9876581C3625F300B69EC0 /* ThumbnailView.swift in Sources */ = {isa = PBXBuildFile; fileRef = 8C9876571C3625F300B69EC0 /* ThumbnailView.swift */; };
		8CB126F21C30D77900902392 /* Account.swift in Sources */ = {isa = PBXBuildFile; fileRef = 8CB126F11C30D77900902392 /* Account.swift */; };
		8CE44F2F1C2C4A0D00142D29 /* CustomTabBar.swift in Sources */ = {isa = PBXBuildFile; fileRef = 8CE44F2E1C2C4A0D00142D29 /* CustomTabBar.swift */; };
		8CF3F06E1C2E58E800D239E5 /* INavigationController.swift in Sources */ = {isa = PBXBuildFile; fileRef = 8CF3F06D1C2E58E800D239E5 /* INavigationController.swift */; };
		8CF3F0721C2E853500D239E5 /* Extension.swift in Sources */ = {isa = PBXBuildFile; fileRef = 8CF3F0711C2E853500D239E5 /* Extension.swift */; };
		8CF3F0761C2E9DD400D239E5 /* ISearchBar.swift in Sources */ = {isa = PBXBuildFile; fileRef = 8CF3F0751C2E9DD400D239E5 /* ISearchBar.swift */; };
		8CF3F0781C2EC53300D239E5 /* IDButton.swift in Sources */ = {isa = PBXBuildFile; fileRef = 8CF3F0771C2EC53300D239E5 /* IDButton.swift */; };
		8CF3F07B1C2EE4F200D239E5 /* NewFeatureViewController.swift in Sources */ = {isa = PBXBuildFile; fileRef = 8CF3F07A1C2EE4F200D239E5 /* NewFeatureViewController.swift */; };
		8CFB09F31C358CAB00292B3C /* Photo.swift in Sources */ = {isa = PBXBuildFile; fileRef = 8CFB09F21C358CAB00292B3C /* Photo.swift */; };
		8CFFBB141C3189E70022BFDE /* StatusCell.swift in Sources */ = {isa = PBXBuildFile; fileRef = 8CFFBB131C3189E70022BFDE /* StatusCell.swift */; };
/* End PBXBuildFile section */

/* Begin PBXContainerItemProxy section */
		8C5CC0F41C2C194300E38044 /* PBXContainerItemProxy */ = {
			isa = PBXContainerItemProxy;
			containerPortal = 8C5CC0D71C2C194300E38044 /* Project object */;
			proxyType = 1;
			remoteGlobalIDString = 8C5CC0DE1C2C194300E38044;
			remoteInfo = Weibo;
		};
		8C5CC0FF1C2C194300E38044 /* PBXContainerItemProxy */ = {
			isa = PBXContainerItemProxy;
			containerPortal = 8C5CC0D71C2C194300E38044 /* Project object */;
			proxyType = 1;
			remoteGlobalIDString = 8C5CC0DE1C2C194300E38044;
			remoteInfo = Weibo;
		};
/* End PBXContainerItemProxy section */

/* Begin PBXFileReference section */
		5688B72F9AC18CEACF79700B /* Pods.release.xcconfig */ = {isa = PBXFileReference; includeInIndex = 1; lastKnownFileType = text.xcconfig; name = Pods.release.xcconfig; path = "Pods/Target Support Files/Pods/Pods.release.xcconfig"; sourceTree = "<group>"; };
		73AE32EDA32ED2035C59AB0A /* Pods.framework */ = {isa = PBXFileReference; explicitFileType = wrapper.framework; includeInIndex = 0; path = Pods.framework; sourceTree = BUILT_PRODUCTS_DIR; };
		8C169D6C1C310EE4003F6B3E /* AccountTool.swift */ = {isa = PBXFileReference; fileEncoding = 4; lastKnownFileType = sourcecode.swift; path = AccountTool.swift; sourceTree = "<group>"; };
		8C169D6E1C311370003F6B3E /* WeiboTool.swift */ = {isa = PBXFileReference; fileEncoding = 4; lastKnownFileType = sourcecode.swift; path = WeiboTool.swift; sourceTree = "<group>"; };
		8C470D0F1C37DC6A003622BA /* Assets.xcassets */ = {isa = PBXFileReference; lastKnownFileType = folder.assetcatalog; path = Assets.xcassets; sourceTree = "<group>"; };
		8C4EBBE31C2FE5990094B9D4 /* OAuthViewController.swift */ = {isa = PBXFileReference; fileEncoding = 4; lastKnownFileType = sourcecode.swift; path = OAuthViewController.swift; sourceTree = "<group>"; };
		8C5AB80C1C35230B003677F2 /* CommentView.swift */ = {isa = PBXFileReference; fileEncoding = 4; lastKnownFileType = sourcecode.swift; path = CommentView.swift; sourceTree = "<group>"; };
		8C5CC0DF1C2C194300E38044 /* Weibo.app */ = {isa = PBXFileReference; explicitFileType = wrapper.application; includeInIndex = 0; path = Weibo.app; sourceTree = BUILT_PRODUCTS_DIR; };
		8C5CC0E21C2C194300E38044 /* AppDelegate.swift */ = {isa = PBXFileReference; lastKnownFileType = sourcecode.swift; path = AppDelegate.swift; sourceTree = "<group>"; };
		8C5CC0EC1C2C194300E38044 /* Base */ = {isa = PBXFileReference; lastKnownFileType = file.storyboard; name = Base; path = Base.lproj/LaunchScreen.storyboard; sourceTree = "<group>"; };
		8C5CC0EE1C2C194300E38044 /* Info.plist */ = {isa = PBXFileReference; lastKnownFileType = text.plist.xml; path = Info.plist; sourceTree = "<group>"; };
		8C5CC0F31C2C194300E38044 /* WeiboTests.xctest */ = {isa = PBXFileReference; explicitFileType = wrapper.cfbundle; includeInIndex = 0; path = WeiboTests.xctest; sourceTree = BUILT_PRODUCTS_DIR; };
		8C5CC0F71C2C194300E38044 /* WeiboTests.swift */ = {isa = PBXFileReference; lastKnownFileType = sourcecode.swift; path = WeiboTests.swift; sourceTree = "<group>"; };
		8C5CC0F91C2C194300E38044 /* Info.plist */ = {isa = PBXFileReference; lastKnownFileType = text.plist.xml; path = Info.plist; sourceTree = "<group>"; };
		8C5CC0FE1C2C194300E38044 /* WeiboUITests.xctest */ = {isa = PBXFileReference; explicitFileType = wrapper.cfbundle; includeInIndex = 0; path = WeiboUITests.xctest; sourceTree = BUILT_PRODUCTS_DIR; };
		8C5CC1021C2C194300E38044 /* WeiboUITests.swift */ = {isa = PBXFileReference; lastKnownFileType = sourcecode.swift; path = WeiboUITests.swift; sourceTree = "<group>"; };
		8C5CC1041C2C194300E38044 /* Info.plist */ = {isa = PBXFileReference; lastKnownFileType = text.plist.xml; path = Info.plist; sourceTree = "<group>"; };
		8C5CC1111C2C226E00E38044 /* MainTabBarViewController.swift */ = {isa = PBXFileReference; fileEncoding = 4; lastKnownFileType = sourcecode.swift; path = MainTabBarViewController.swift; sourceTree = "<group>"; };
		8C5CC1131C2C22E900E38044 /* HomeViewController.swift */ = {isa = PBXFileReference; fileEncoding = 4; lastKnownFileType = sourcecode.swift; lineEnding = 0; path = HomeViewController.swift; sourceTree = "<group>"; xcLanguageSpecificationIdentifier = xcode.lang.swift; };
		8C5CC1151C2C231F00E38044 /* MessagesViewController.swift */ = {isa = PBXFileReference; fileEncoding = 4; lastKnownFileType = sourcecode.swift; lineEnding = 0; path = MessagesViewController.swift; sourceTree = "<group>"; xcLanguageSpecificationIdentifier = xcode.lang.swift; };
		8C5CC1171C2C233400E38044 /* DiscoverViewController.swift */ = {isa = PBXFileReference; fileEncoding = 4; lastKnownFileType = sourcecode.swift; lineEnding = 0; path = DiscoverViewController.swift; sourceTree = "<group>"; xcLanguageSpecificationIdentifier = xcode.lang.swift; };
		8C5CC1191C2C234200E38044 /* MeViewController.swift */ = {isa = PBXFileReference; fileEncoding = 4; lastKnownFileType = sourcecode.swift; path = MeViewController.swift; sourceTree = "<group>"; };
		8C5EC5ED1C2CE119008C3774 /* CustomTabBarButton.swift */ = {isa = PBXFileReference; fileEncoding = 4; lastKnownFileType = sourcecode.swift; path = CustomTabBarButton.swift; sourceTree = "<group>"; };
		8C5EC5F31C2D2C32008C3774 /* CustomBadgeButton.swift */ = {isa = PBXFileReference; fileEncoding = 4; lastKnownFileType = sourcecode.swift; path = CustomBadgeButton.swift; sourceTree = "<group>"; };
		8C85F4211C31529E0083308B /* Status.swift */ = {isa = PBXFileReference; fileEncoding = 4; lastKnownFileType = sourcecode.swift; path = Status.swift; sourceTree = "<group>"; };
		8C85F4231C3169FD0083308B /* User.swift */ = {isa = PBXFileReference; fileEncoding = 4; lastKnownFileType = sourcecode.swift; path = User.swift; sourceTree = "<group>"; };
		8C865BB71C356AC900DD9930 /* StatusView.swift */ = {isa = PBXFileReference; fileEncoding = 4; lastKnownFileType = sourcecode.swift; path = StatusView.swift; sourceTree = "<group>"; };
		8C865BB91C356B1600DD9930 /* RetweetView.swift */ = {isa = PBXFileReference; fileEncoding = 4; lastKnownFileType = sourcecode.swift; path = RetweetView.swift; sourceTree = "<group>"; };
		8C92BF2A1C3274AE000214E2 /* StatusCellSubviewFrame.swift */ = {isa = PBXFileReference; fileEncoding = 4; lastKnownFileType = sourcecode.swift; path = StatusCellSubviewFrame.swift; sourceTree = "<group>"; };
		8C944FEC1C38D018002DA297 /* PostViewController.swift */ = {isa = PBXFileReference; fileEncoding = 4; lastKnownFileType = sourcecode.swift; path = PostViewController.swift; sourceTree = "<group>"; };
		8C944FEF1C38D194002DA297 /* PostView.swift */ = {isa = PBXFileReference; fileEncoding = 4; lastKnownFileType = sourcecode.swift; path = PostView.swift; sourceTree = "<group>"; };
		8C9876571C3625F300B69EC0 /* ThumbnailView.swift */ = {isa = PBXFileReference; fileEncoding = 4; lastKnownFileType = sourcecode.swift; path = ThumbnailView.swift; sourceTree = "<group>"; };
		8CB126F11C30D77900902392 /* Account.swift */ = {isa = PBXFileReference; fileEncoding = 4; lastKnownFileType = sourcecode.swift; path = Account.swift; sourceTree = "<group>"; };
		8CE44F2E1C2C4A0D00142D29 /* CustomTabBar.swift */ = {isa = PBXFileReference; fileEncoding = 4; lastKnownFileType = sourcecode.swift; path = CustomTabBar.swift; sourceTree = "<group>"; };
		8CF3F06D1C2E58E800D239E5 /* INavigationController.swift */ = {isa = PBXFileReference; fileEncoding = 4; lastKnownFileType = sourcecode.swift; path = INavigationController.swift; sourceTree = "<group>"; };
		8CF3F0711C2E853500D239E5 /* Extension.swift */ = {isa = PBXFileReference; fileEncoding = 4; lastKnownFileType = sourcecode.swift; path = Extension.swift; sourceTree = "<group>"; };
		8CF3F0751C2E9DD400D239E5 /* ISearchBar.swift */ = {isa = PBXFileReference; fileEncoding = 4; lastKnownFileType = sourcecode.swift; path = ISearchBar.swift; sourceTree = "<group>"; };
		8CF3F0771C2EC53300D239E5 /* IDButton.swift */ = {isa = PBXFileReference; fileEncoding = 4; lastKnownFileType = sourcecode.swift; path = IDButton.swift; sourceTree = "<group>"; };
		8CF3F07A1C2EE4F200D239E5 /* NewFeatureViewController.swift */ = {isa = PBXFileReference; fileEncoding = 4; lastKnownFileType = sourcecode.swift; path = NewFeatureViewController.swift; sourceTree = "<group>"; };
		8CFB09F21C358CAB00292B3C /* Photo.swift */ = {isa = PBXFileReference; fileEncoding = 4; lastKnownFileType = sourcecode.swift; path = Photo.swift; sourceTree = "<group>"; };
		8CFFBB131C3189E70022BFDE /* StatusCell.swift */ = {isa = PBXFileReference; fileEncoding = 4; lastKnownFileType = sourcecode.swift; lineEnding = 0; path = StatusCell.swift; sourceTree = "<group>"; xcLanguageSpecificationIdentifier = xcode.lang.swift; };
		A71277AE19163096BF685EAB /* Pods.debug.xcconfig */ = {isa = PBXFileReference; includeInIndex = 1; lastKnownFileType = text.xcconfig; name = Pods.debug.xcconfig; path = "Pods/Target Support Files/Pods/Pods.debug.xcconfig"; sourceTree = "<group>"; };
/* End PBXFileReference section */

/* Begin PBXFrameworksBuildPhase section */
		8C5CC0DC1C2C194300E38044 /* Frameworks */ = {
			isa = PBXFrameworksBuildPhase;
			buildActionMask = 2147483647;
			files = (
				06672029CC14E7FDFF69D054 /* Pods.framework in Frameworks */,
			);
			runOnlyForDeploymentPostprocessing = 0;
		};
		8C5CC0F01C2C194300E38044 /* Frameworks */ = {
			isa = PBXFrameworksBuildPhase;
			buildActionMask = 2147483647;
			files = (
			);
			runOnlyForDeploymentPostprocessing = 0;
		};
		8C5CC0FB1C2C194300E38044 /* Frameworks */ = {
			isa = PBXFrameworksBuildPhase;
			buildActionMask = 2147483647;
			files = (
			);
			runOnlyForDeploymentPostprocessing = 0;
		};
/* End PBXFrameworksBuildPhase section */

/* Begin PBXGroup section */
		0C53797684E1F7F8012AFDF3 /* Frameworks */ = {
			isa = PBXGroup;
			children = (
				73AE32EDA32ED2035C59AB0A /* Pods.framework */,
			);
			name = Frameworks;
			sourceTree = "<group>";
		};
		699C4284F44F8515B82AC845 /* Pods */ = {
			isa = PBXGroup;
			children = (
				A71277AE19163096BF685EAB /* Pods.debug.xcconfig */,
				5688B72F9AC18CEACF79700B /* Pods.release.xcconfig */,
			);
			name = Pods;
			sourceTree = "<group>";
		};
		8C43836C1C2D91ED003E9B13 /* Main */ = {
			isa = PBXGroup;
			children = (
				8C5CC1111C2C226E00E38044 /* MainTabBarViewController.swift */,
				8CE44F2E1C2C4A0D00142D29 /* CustomTabBar.swift */,
				8C5EC5ED1C2CE119008C3774 /* CustomTabBarButton.swift */,
				8C5EC5F31C2D2C32008C3774 /* CustomBadgeButton.swift */,
			);
			name = Main;
			sourceTree = "<group>";
		};
		8C4EBBE21C2FE5610094B9D4 /* Login OAuth */ = {
			isa = PBXGroup;
			children = (
				8C4EBBE31C2FE5990094B9D4 /* OAuthViewController.swift */,
				8CB126F11C30D77900902392 /* Account.swift */,
				8C169D6C1C310EE4003F6B3E /* AccountTool.swift */,
			);
			name = "Login OAuth";
			sourceTree = "<group>";
		};
		8C5CC0D61C2C194300E38044 = {
			isa = PBXGroup;
			children = (
				8C5CC0E11C2C194300E38044 /* Weibo */,
				8C5CC0F61C2C194300E38044 /* WeiboTests */,
				8C5CC1011C2C194300E38044 /* WeiboUITests */,
				8C5CC0E01C2C194300E38044 /* Products */,
				699C4284F44F8515B82AC845 /* Pods */,
				0C53797684E1F7F8012AFDF3 /* Frameworks */,
			);
			sourceTree = "<group>";
		};
		8C5CC0E01C2C194300E38044 /* Products */ = {
			isa = PBXGroup;
			children = (
				8C5CC0DF1C2C194300E38044 /* Weibo.app */,
				8C5CC0F31C2C194300E38044 /* WeiboTests.xctest */,
				8C5CC0FE1C2C194300E38044 /* WeiboUITests.xctest */,
			);
			name = Products;
			sourceTree = "<group>";
		};
		8C5CC0E11C2C194300E38044 /* Weibo */ = {
			isa = PBXGroup;
			children = (
				8C5CC0E21C2C194300E38044 /* AppDelegate.swift */,
				8C169D6E1C311370003F6B3E /* WeiboTool.swift */,
				8C4EBBE21C2FE5610094B9D4 /* Login OAuth */,
				8C944FEE1C38D021002DA297 /* Post */,
				8C43836C1C2D91ED003E9B13 /* Main */,
				8CF3F0791C2EE4C700D239E5 /* New Feature */,
				8C5EC5EF1C2CE133008C3774 /* Home */,
				8C5EC5F11C2CE140008C3774 /* Discover */,
				8C5EC5F21C2CE14C008C3774 /* Me */,
				8C5CC1101C2C1B4600E38044 /* Supporting Files */,
			);
			path = Weibo;
			sourceTree = "<group>";
		};
		8C5CC0F61C2C194300E38044 /* WeiboTests */ = {
			isa = PBXGroup;
			children = (
				8C5CC0F71C2C194300E38044 /* WeiboTests.swift */,
				8C5CC0F91C2C194300E38044 /* Info.plist */,
			);
			path = WeiboTests;
			sourceTree = "<group>";
		};
		8C5CC1011C2C194300E38044 /* WeiboUITests */ = {
			isa = PBXGroup;
			children = (
				8C5CC1021C2C194300E38044 /* WeiboUITests.swift */,
				8C5CC1041C2C194300E38044 /* Info.plist */,
			);
			path = WeiboUITests;
			sourceTree = "<group>";
		};
		8C5CC1101C2C1B4600E38044 /* Supporting Files */ = {
			isa = PBXGroup;
			children = (
				8CF3F0711C2E853500D239E5 /* Extension.swift */,
				8C470D0F1C37DC6A003622BA /* Assets.xcassets */,
				8C5CC0EB1C2C194300E38044 /* LaunchScreen.storyboard */,
				8C5CC0EE1C2C194300E38044 /* Info.plist */,
			);
			name = "Supporting Files";
			sourceTree = "<group>";
		};
		8C5EC5EF1C2CE133008C3774 /* Home */ = {
			isa = PBXGroup;
			children = (
				8C92BF2E1C3274CE000214E2 /* Controller */,
				8C92BF2D1C3274C6000214E2 /* View */,
				8C92BF2C1C3274BA000214E2 /* Model */,
				8C5EC5F01C2CE13A008C3774 /* Messages */,
			);
			name = Home;
			sourceTree = "<group>";
		};
		8C5EC5F01C2CE13A008C3774 /* Messages */ = {
			isa = PBXGroup;
			children = (
				8C5CC1151C2C231F00E38044 /* MessagesViewController.swift */,
			);
			name = Messages;
			sourceTree = "<group>";
		};
		8C5EC5F11C2CE140008C3774 /* Discover */ = {
			isa = PBXGroup;
			children = (
				8CF3F0751C2E9DD400D239E5 /* ISearchBar.swift */,
				8C5CC1171C2C233400E38044 /* DiscoverViewController.swift */,
			);
			name = Discover;
			sourceTree = "<group>";
		};
		8C5EC5F21C2CE14C008C3774 /* Me */ = {
			isa = PBXGroup;
			children = (
				8C5CC1191C2C234200E38044 /* MeViewController.swift */,
			);
			name = Me;
			sourceTree = "<group>";
		};
		8C92BF2C1C3274BA000214E2 /* Model */ = {
			isa = PBXGroup;
			children = (
				8C92BF2A1C3274AE000214E2 /* StatusCellSubviewFrame.swift */,
				8C85F4211C31529E0083308B /* Status.swift */,
				8C85F4231C3169FD0083308B /* User.swift */,
				8CFB09F21C358CAB00292B3C /* Photo.swift */,
			);
			name = Model;
			sourceTree = "<group>";
		};
		8C92BF2D1C3274C6000214E2 /* View */ = {
			isa = PBXGroup;
			children = (
				8CFFBB131C3189E70022BFDE /* StatusCell.swift */,
				8C865BB71C356AC900DD9930 /* StatusView.swift */,
				8C865BB91C356B1600DD9930 /* RetweetView.swift */,
				8C9876571C3625F300B69EC0 /* ThumbnailView.swift */,
				8C5AB80C1C35230B003677F2 /* CommentView.swift */,
				8CF3F0771C2EC53300D239E5 /* IDButton.swift */,
			);
			name = View;
			sourceTree = "<group>";
		};
		8C92BF2E1C3274CE000214E2 /* Controller */ = {
			isa = PBXGroup;
			children = (
				8C5CC1131C2C22E900E38044 /* HomeViewController.swift */,
			);
			name = Controller;
			sourceTree = "<group>";
		};
		8C944FEE1C38D021002DA297 /* Post */ = {
			isa = PBXGroup;
			children = (
				8C944FEC1C38D018002DA297 /* PostViewController.swift */,
				8C944FEF1C38D194002DA297 /* PostView.swift */,
				8CF3F06D1C2E58E800D239E5 /* INavigationController.swift */,
			);
			name = Post;
			sourceTree = "<group>";
		};
		8CF3F0791C2EE4C700D239E5 /* New Feature */ = {
			isa = PBXGroup;
			children = (
				8CF3F07A1C2EE4F200D239E5 /* NewFeatureViewController.swift */,
			);
			name = "New Feature";
			sourceTree = "<group>";
		};
/* End PBXGroup section */

/* Begin PBXNativeTarget section */
		8C5CC0DE1C2C194300E38044 /* Weibo */ = {
			isa = PBXNativeTarget;
			buildConfigurationList = 8C5CC1071C2C194300E38044 /* Build configuration list for PBXNativeTarget "Weibo" */;
			buildPhases = (
				89F6F73EBF903416A61450AE /* Check Pods Manifest.lock */,
				8C5CC0DB1C2C194300E38044 /* Sources */,
				8C5CC0DC1C2C194300E38044 /* Frameworks */,
				8C5CC0DD1C2C194300E38044 /* Resources */,
				9ACB07E2BEE6EF0F890A7210 /* Embed Pods Frameworks */,
				A88F3D596D93DE6C7E70AFD6 /* Copy Pods Resources */,
			);
			buildRules = (
			);
			dependencies = (
			);
			name = Weibo;
			productName = Weibo;
			productReference = 8C5CC0DF1C2C194300E38044 /* Weibo.app */;
			productType = "com.apple.product-type.application";
		};
		8C5CC0F21C2C194300E38044 /* WeiboTests */ = {
			isa = PBXNativeTarget;
			buildConfigurationList = 8C5CC10A1C2C194300E38044 /* Build configuration list for PBXNativeTarget "WeiboTests" */;
			buildPhases = (
				8C5CC0EF1C2C194300E38044 /* Sources */,
				8C5CC0F01C2C194300E38044 /* Frameworks */,
				8C5CC0F11C2C194300E38044 /* Resources */,
			);
			buildRules = (
			);
			dependencies = (
				8C5CC0F51C2C194300E38044 /* PBXTargetDependency */,
			);
			name = WeiboTests;
			productName = WeiboTests;
			productReference = 8C5CC0F31C2C194300E38044 /* WeiboTests.xctest */;
			productType = "com.apple.product-type.bundle.unit-test";
		};
		8C5CC0FD1C2C194300E38044 /* WeiboUITests */ = {
			isa = PBXNativeTarget;
			buildConfigurationList = 8C5CC10D1C2C194300E38044 /* Build configuration list for PBXNativeTarget "WeiboUITests" */;
			buildPhases = (
				8C5CC0FA1C2C194300E38044 /* Sources */,
				8C5CC0FB1C2C194300E38044 /* Frameworks */,
				8C5CC0FC1C2C194300E38044 /* Resources */,
			);
			buildRules = (
			);
			dependencies = (
				8C5CC1001C2C194300E38044 /* PBXTargetDependency */,
			);
			name = WeiboUITests;
			productName = WeiboUITests;
			productReference = 8C5CC0FE1C2C194300E38044 /* WeiboUITests.xctest */;
			productType = "com.apple.product-type.bundle.ui-testing";
		};
/* End PBXNativeTarget section */

/* Begin PBXProject section */
		8C5CC0D71C2C194300E38044 /* Project object */ = {
			isa = PBXProject;
			attributes = {
				LastSwiftUpdateCheck = 0720;
				LastUpgradeCheck = 0720;
				ORGANIZATIONNAME = Riversideview;
				TargetAttributes = {
					8C5CC0DE1C2C194300E38044 = {
						CreatedOnToolsVersion = 7.2;
						DevelopmentTeam = EQP5359RWA;
					};
					8C5CC0F21C2C194300E38044 = {
						CreatedOnToolsVersion = 7.2;
						DevelopmentTeam = EQP5359RWA;
						TestTargetID = 8C5CC0DE1C2C194300E38044;
					};
					8C5CC0FD1C2C194300E38044 = {
						CreatedOnToolsVersion = 7.2;
						DevelopmentTeam = EQP5359RWA;
						TestTargetID = 8C5CC0DE1C2C194300E38044;
					};
				};
			};
			buildConfigurationList = 8C5CC0DA1C2C194300E38044 /* Build configuration list for PBXProject "Weibo" */;
			compatibilityVersion = "Xcode 3.2";
			developmentRegion = English;
			hasScannedForEncodings = 0;
			knownRegions = (
				en,
				Base,
			);
			mainGroup = 8C5CC0D61C2C194300E38044;
			productRefGroup = 8C5CC0E01C2C194300E38044 /* Products */;
			projectDirPath = "";
			projectRoot = "";
			targets = (
				8C5CC0DE1C2C194300E38044 /* Weibo */,
				8C5CC0F21C2C194300E38044 /* WeiboTests */,
				8C5CC0FD1C2C194300E38044 /* WeiboUITests */,
			);
		};
/* End PBXProject section */

/* Begin PBXResourcesBuildPhase section */
		8C5CC0DD1C2C194300E38044 /* Resources */ = {
			isa = PBXResourcesBuildPhase;
			buildActionMask = 2147483647;
			files = (
				8C470D101C37DC6A003622BA /* Assets.xcassets in Resources */,
				8C5CC0ED1C2C194300E38044 /* LaunchScreen.storyboard in Resources */,
			);
			runOnlyForDeploymentPostprocessing = 0;
		};
		8C5CC0F11C2C194300E38044 /* Resources */ = {
			isa = PBXResourcesBuildPhase;
			buildActionMask = 2147483647;
			files = (
			);
			runOnlyForDeploymentPostprocessing = 0;
		};
		8C5CC0FC1C2C194300E38044 /* Resources */ = {
			isa = PBXResourcesBuildPhase;
			buildActionMask = 2147483647;
			files = (
			);
			runOnlyForDeploymentPostprocessing = 0;
		};
/* End PBXResourcesBuildPhase section */

/* Begin PBXShellScriptBuildPhase section */
		89F6F73EBF903416A61450AE /* Check Pods Manifest.lock */ = {
			isa = PBXShellScriptBuildPhase;
			buildActionMask = 2147483647;
			files = (
			);
			inputPaths = (
			);
			name = "Check Pods Manifest.lock";
			outputPaths = (
			);
			runOnlyForDeploymentPostprocessing = 0;
			shellPath = /bin/sh;
			shellScript = "diff \"${PODS_ROOT}/../Podfile.lock\" \"${PODS_ROOT}/Manifest.lock\" > /dev/null\nif [[ $? != 0 ]] ; then\n    cat << EOM\nerror: The sandbox is not in sync with the Podfile.lock. Run 'pod install' or update your CocoaPods installation.\nEOM\n    exit 1\nfi\n";
			showEnvVarsInLog = 0;
		};
		9ACB07E2BEE6EF0F890A7210 /* Embed Pods Frameworks */ = {
			isa = PBXShellScriptBuildPhase;
			buildActionMask = 2147483647;
			files = (
			);
			inputPaths = (
			);
			name = "Embed Pods Frameworks";
			outputPaths = (
			);
			runOnlyForDeploymentPostprocessing = 0;
			shellPath = /bin/sh;
			shellScript = "\"${SRCROOT}/Pods/Target Support Files/Pods/Pods-frameworks.sh\"\n";
			showEnvVarsInLog = 0;
		};
		A88F3D596D93DE6C7E70AFD6 /* Copy Pods Resources */ = {
			isa = PBXShellScriptBuildPhase;
			buildActionMask = 2147483647;
			files = (
			);
			inputPaths = (
			);
			name = "Copy Pods Resources";
			outputPaths = (
			);
			runOnlyForDeploymentPostprocessing = 0;
			shellPath = /bin/sh;
			shellScript = "\"${SRCROOT}/Pods/Target Support Files/Pods/Pods-resources.sh\"\n";
			showEnvVarsInLog = 0;
		};
/* End PBXShellScriptBuildPhase section */

/* Begin PBXSourcesBuildPhase section */
		8C5CC0DB1C2C194300E38044 /* Sources */ = {
			isa = PBXSourcesBuildPhase;
			buildActionMask = 2147483647;
			files = (
				8C5CC1161C2C231F00E38044 /* MessagesViewController.swift in Sources */,
				8C5CC11A1C2C234200E38044 /* MeViewController.swift in Sources */,
				8C865BB81C356AC900DD9930 /* StatusView.swift in Sources */,
				8C5CC1121C2C226E00E38044 /* MainTabBarViewController.swift in Sources */,
				8C85F4221C31529E0083308B /* Status.swift in Sources */,
				8C5AB80D1C35230B003677F2 /* CommentView.swift in Sources */,
				8CF3F0721C2E853500D239E5 /* Extension.swift in Sources */,
				8C4EBBE41C2FE5990094B9D4 /* OAuthViewController.swift in Sources */,
				8C865BBA1C356B1600DD9930 /* RetweetView.swift in Sources */,
				8C5EC5EE1C2CE119008C3774 /* CustomTabBarButton.swift in Sources */,
				8CF3F0781C2EC53300D239E5 /* IDButton.swift in Sources */,
				8C85F4241C3169FD0083308B /* User.swift in Sources */,
				8C9876581C3625F300B69EC0 /* ThumbnailView.swift in Sources */,
				8CF3F0761C2E9DD400D239E5 /* ISearchBar.swift in Sources */,
				8C169D6F1C311370003F6B3E /* WeiboTool.swift in Sources */,
				8C92BF2B1C3274AF000214E2 /* StatusCellSubviewFrame.swift in Sources */,
				8C944FED1C38D018002DA297 /* PostViewController.swift in Sources */,
				8CFFBB141C3189E70022BFDE /* StatusCell.swift in Sources */,
				8C944FF01C38D194002DA297 /* PostView.swift in Sources */,
				8CE44F2F1C2C4A0D00142D29 /* CustomTabBar.swift in Sources */,
				8CF3F06E1C2E58E800D239E5 /* INavigationController.swift in Sources */,
				8C169D6D1C310EE4003F6B3E /* AccountTool.swift in Sources */,
				8CB126F21C30D77900902392 /* Account.swift in Sources */,
				8CFB09F31C358CAB00292B3C /* Photo.swift in Sources */,
				8C5CC1181C2C233400E38044 /* DiscoverViewController.swift in Sources */,
				8C5CC0E31C2C194300E38044 /* AppDelegate.swift in Sources */,
				8C5CC1141C2C22E900E38044 /* HomeViewController.swift in Sources */,
				8CF3F07B1C2EE4F200D239E5 /* NewFeatureViewController.swift in Sources */,
				8C5EC5F41C2D2C32008C3774 /* CustomBadgeButton.swift in Sources */,
			);
			runOnlyForDeploymentPostprocessing = 0;
		};
		8C5CC0EF1C2C194300E38044 /* Sources */ = {
			isa = PBXSourcesBuildPhase;
			buildActionMask = 2147483647;
			files = (
				8C5CC0F81C2C194300E38044 /* WeiboTests.swift in Sources */,
			);
			runOnlyForDeploymentPostprocessing = 0;
		};
		8C5CC0FA1C2C194300E38044 /* Sources */ = {
			isa = PBXSourcesBuildPhase;
			buildActionMask = 2147483647;
			files = (
				8C5CC1031C2C194300E38044 /* WeiboUITests.swift in Sources */,
			);
			runOnlyForDeploymentPostprocessing = 0;
		};
/* End PBXSourcesBuildPhase section */

/* Begin PBXTargetDependency section */
		8C5CC0F51C2C194300E38044 /* PBXTargetDependency */ = {
			isa = PBXTargetDependency;
			target = 8C5CC0DE1C2C194300E38044 /* Weibo */;
			targetProxy = 8C5CC0F41C2C194300E38044 /* PBXContainerItemProxy */;
		};
		8C5CC1001C2C194300E38044 /* PBXTargetDependency */ = {
			isa = PBXTargetDependency;
			target = 8C5CC0DE1C2C194300E38044 /* Weibo */;
			targetProxy = 8C5CC0FF1C2C194300E38044 /* PBXContainerItemProxy */;
		};
/* End PBXTargetDependency section */

/* Begin PBXVariantGroup section */
		8C5CC0EB1C2C194300E38044 /* LaunchScreen.storyboard */ = {
			isa = PBXVariantGroup;
			children = (
				8C5CC0EC1C2C194300E38044 /* Base */,
			);
			name = LaunchScreen.storyboard;
			sourceTree = "<group>";
		};
/* End PBXVariantGroup section */

/* Begin XCBuildConfiguration section */
		8C5CC1051C2C194300E38044 /* Debug */ = {
			isa = XCBuildConfiguration;
			buildSettings = {
				ALWAYS_SEARCH_USER_PATHS = NO;
				CLANG_CXX_LANGUAGE_STANDARD = "gnu++0x";
				CLANG_CXX_LIBRARY = "libc++";
				CLANG_ENABLE_MODULES = YES;
				CLANG_ENABLE_OBJC_ARC = YES;
				CLANG_WARN_BOOL_CONVERSION = YES;
				CLANG_WARN_CONSTANT_CONVERSION = YES;
				CLANG_WARN_DIRECT_OBJC_ISA_USAGE = YES_ERROR;
				CLANG_WARN_EMPTY_BODY = YES;
				CLANG_WARN_ENUM_CONVERSION = YES;
				CLANG_WARN_INT_CONVERSION = YES;
				CLANG_WARN_OBJC_ROOT_CLASS = YES_ERROR;
				CLANG_WARN_UNREACHABLE_CODE = YES;
				CLANG_WARN__DUPLICATE_METHOD_MATCH = YES;
				"CODE_SIGN_IDENTITY[sdk=iphoneos*]" = "iPhone Developer";
				COPY_PHASE_STRIP = NO;
				DEBUG_INFORMATION_FORMAT = dwarf;
				ENABLE_STRICT_OBJC_MSGSEND = YES;
				ENABLE_TESTABILITY = YES;
				GCC_C_LANGUAGE_STANDARD = gnu99;
				GCC_DYNAMIC_NO_PIC = NO;
				GCC_NO_COMMON_BLOCKS = YES;
				GCC_OPTIMIZATION_LEVEL = 0;
				GCC_PREPROCESSOR_DEFINITIONS = (
					"DEBUG=1",
					"$(inherited)",
				);
				GCC_WARN_64_TO_32_BIT_CONVERSION = YES;
				GCC_WARN_ABOUT_RETURN_TYPE = YES_ERROR;
				GCC_WARN_UNDECLARED_SELECTOR = YES;
				GCC_WARN_UNINITIALIZED_AUTOS = YES_AGGRESSIVE;
				GCC_WARN_UNUSED_FUNCTION = YES;
				GCC_WARN_UNUSED_VARIABLE = YES;
				IPHONEOS_DEPLOYMENT_TARGET = 9.2;
				MTL_ENABLE_DEBUG_INFO = YES;
				ONLY_ACTIVE_ARCH = YES;
				SDKROOT = iphoneos;
				SWIFT_OPTIMIZATION_LEVEL = "-Onone";
				TARGETED_DEVICE_FAMILY = "1,2";
			};
			name = Debug;
		};
		8C5CC1061C2C194300E38044 /* Release */ = {
			isa = XCBuildConfiguration;
			buildSettings = {
				ALWAYS_SEARCH_USER_PATHS = NO;
				CLANG_CXX_LANGUAGE_STANDARD = "gnu++0x";
				CLANG_CXX_LIBRARY = "libc++";
				CLANG_ENABLE_MODULES = YES;
				CLANG_ENABLE_OBJC_ARC = YES;
				CLANG_WARN_BOOL_CONVERSION = YES;
				CLANG_WARN_CONSTANT_CONVERSION = YES;
				CLANG_WARN_DIRECT_OBJC_ISA_USAGE = YES_ERROR;
				CLANG_WARN_EMPTY_BODY = YES;
				CLANG_WARN_ENUM_CONVERSION = YES;
				CLANG_WARN_INT_CONVERSION = YES;
				CLANG_WARN_OBJC_ROOT_CLASS = YES_ERROR;
				CLANG_WARN_UNREACHABLE_CODE = YES;
				CLANG_WARN__DUPLICATE_METHOD_MATCH = YES;
				"CODE_SIGN_IDENTITY[sdk=iphoneos*]" = "iPhone Developer";
				COPY_PHASE_STRIP = NO;
				DEBUG_INFORMATION_FORMAT = "dwarf-with-dsym";
				ENABLE_NS_ASSERTIONS = NO;
				ENABLE_STRICT_OBJC_MSGSEND = YES;
				GCC_C_LANGUAGE_STANDARD = gnu99;
				GCC_NO_COMMON_BLOCKS = YES;
				GCC_WARN_64_TO_32_BIT_CONVERSION = YES;
				GCC_WARN_ABOUT_RETURN_TYPE = YES_ERROR;
				GCC_WARN_UNDECLARED_SELECTOR = YES;
				GCC_WARN_UNINITIALIZED_AUTOS = YES_AGGRESSIVE;
				GCC_WARN_UNUSED_FUNCTION = YES;
				GCC_WARN_UNUSED_VARIABLE = YES;
				IPHONEOS_DEPLOYMENT_TARGET = 9.2;
				MTL_ENABLE_DEBUG_INFO = NO;
				SDKROOT = iphoneos;
				TARGETED_DEVICE_FAMILY = "1,2";
				VALIDATE_PRODUCT = YES;
			};
			name = Release;
		};
		8C5CC1081C2C194300E38044 /* Debug */ = {
			isa = XCBuildConfiguration;
			baseConfigurationReference = A71277AE19163096BF685EAB /* Pods.debug.xcconfig */;
			buildSettings = {
				INFOPLIST_FILE = Weibo/Info.plist;
				LD_RUNPATH_SEARCH_PATHS = "$(inherited) @executable_path/Frameworks";
				PRODUCT_BUNDLE_IDENTIFIER = yoru.Weibo;
				PRODUCT_NAME = "$(TARGET_NAME)";
			};
			name = Debug;
		};
		8C5CC1091C2C194300E38044 /* Release */ = {
			isa = XCBuildConfiguration;
			baseConfigurationReference = 5688B72F9AC18CEACF79700B /* Pods.release.xcconfig */;
			buildSettings = {
				INFOPLIST_FILE = Weibo/Info.plist;
				LD_RUNPATH_SEARCH_PATHS = "$(inherited) @executable_path/Frameworks";
				PRODUCT_BUNDLE_IDENTIFIER = yoru.Weibo;
				PRODUCT_NAME = "$(TARGET_NAME)";
			};
			name = Release;
		};
		8C5CC10B1C2C194300E38044 /* Debug */ = {
			isa = XCBuildConfiguration;
			buildSettings = {
				BUNDLE_LOADER = "$(TEST_HOST)";
				INFOPLIST_FILE = WeiboTests/Info.plist;
				LD_RUNPATH_SEARCH_PATHS = "$(inherited) @executable_path/Frameworks @loader_path/Frameworks";
				PRODUCT_BUNDLE_IDENTIFIER = yoru.WeiboTests;
				PRODUCT_NAME = "$(TARGET_NAME)";
				TEST_HOST = "$(BUILT_PRODUCTS_DIR)/Weibo.app/Weibo";
			};
			name = Debug;
		};
		8C5CC10C1C2C194300E38044 /* Release */ = {
			isa = XCBuildConfiguration;
			buildSettings = {
				BUNDLE_LOADER = "$(TEST_HOST)";
				INFOPLIST_FILE = WeiboTests/Info.plist;
				LD_RUNPATH_SEARCH_PATHS = "$(inherited) @executable_path/Frameworks @loader_path/Frameworks";
				PRODUCT_BUNDLE_IDENTIFIER = yoru.WeiboTests;
				PRODUCT_NAME = "$(TARGET_NAME)";
				TEST_HOST = "$(BUILT_PRODUCTS_DIR)/Weibo.app/Weibo";
			};
			name = Release;
		};
		8C5CC10E1C2C194300E38044 /* Debug */ = {
			isa = XCBuildConfiguration;
			buildSettings = {
				INFOPLIST_FILE = WeiboUITests/Info.plist;
				LD_RUNPATH_SEARCH_PATHS = "$(inherited) @executable_path/Frameworks @loader_path/Frameworks";
				PRODUCT_BUNDLE_IDENTIFIER = yoru.WeiboUITests;
				PRODUCT_NAME = "$(TARGET_NAME)";
				TEST_TARGET_NAME = Weibo;
				USES_XCTRUNNER = YES;
			};
			name = Debug;
		};
		8C5CC10F1C2C194300E38044 /* Release */ = {
			isa = XCBuildConfiguration;
			buildSettings = {
				INFOPLIST_FILE = WeiboUITests/Info.plist;
				LD_RUNPATH_SEARCH_PATHS = "$(inherited) @executable_path/Frameworks @loader_path/Frameworks";
				PRODUCT_BUNDLE_IDENTIFIER = yoru.WeiboUITests;
				PRODUCT_NAME = "$(TARGET_NAME)";
				TEST_TARGET_NAME = Weibo;
				USES_XCTRUNNER = YES;
			};
			name = Release;
		};
/* End XCBuildConfiguration section */

/* Begin XCConfigurationList section */
		8C5CC0DA1C2C194300E38044 /* Build configuration list for PBXProject "Weibo" */ = {
			isa = XCConfigurationList;
			buildConfigurations = (
				8C5CC1051C2C194300E38044 /* Debug */,
				8C5CC1061C2C194300E38044 /* Release */,
			);
			defaultConfigurationIsVisible = 0;
			defaultConfigurationName = Release;
		};
		8C5CC1071C2C194300E38044 /* Build configuration list for PBXNativeTarget "Weibo" */ = {
			isa = XCConfigurationList;
			buildConfigurations = (
				8C5CC1081C2C194300E38044 /* Debug */,
				8C5CC1091C2C194300E38044 /* Release */,
			);
			defaultConfigurationIsVisible = 0;
			defaultConfigurationName = Release;
		};
		8C5CC10A1C2C194300E38044 /* Build configuration list for PBXNativeTarget "WeiboTests" */ = {
			isa = XCConfigurationList;
			buildConfigurations = (
				8C5CC10B1C2C194300E38044 /* Debug */,
				8C5CC10C1C2C194300E38044 /* Release */,
			);
			defaultConfigurationIsVisible = 0;
			defaultConfigurationName = Release;
		};
		8C5CC10D1C2C194300E38044 /* Build configuration list for PBXNativeTarget "WeiboUITests" */ = {
			isa = XCConfigurationList;
			buildConfigurations = (
				8C5CC10E1C2C194300E38044 /* Debug */,
				8C5CC10F1C2C194300E38044 /* Release */,
			);
			defaultConfigurationIsVisible = 0;
			defaultConfigurationName = Release;
		};
/* End XCConfigurationList section */
	};
	rootObject = 8C5CC0D71C2C194300E38044 /* Project object */;
}
